// !$*UTF8*$!
{
	archiveVersion = 1;
	classes = {
	};
	objectVersion = 56;
	objects = {

/* Begin PBXBuildFile section */
		4F35D25F2A38139B00DE2CBA /* HomeViewController.swift in Sources */ = {isa = PBXBuildFile; fileRef = 4F35D25E2A38139B00DE2CBA /* HomeViewController.swift */; };
		4F35D2612A3813B900DE2CBA /* WatchlistViewController.swift in Sources */ = {isa = PBXBuildFile; fileRef = 4F35D2602A3813B900DE2CBA /* WatchlistViewController.swift */; };
		4F35D2652A3813F100DE2CBA /* ChatViewController.swift in Sources */ = {isa = PBXBuildFile; fileRef = 4F35D2642A3813F100DE2CBA /* ChatViewController.swift */; };
		4F35D2672A3813FE00DE2CBA /* MyAccountViewController.swift in Sources */ = {isa = PBXBuildFile; fileRef = 4F35D2662A3813FE00DE2CBA /* MyAccountViewController.swift */; };
		4F35D2692A38816A00DE2CBA /* CategoryViewController.swift in Sources */ = {isa = PBXBuildFile; fileRef = 4F35D2682A38816A00DE2CBA /* CategoryViewController.swift */; };
		4F35D26B2A39823200DE2CBA /* ConfigureTown.swift in Sources */ = {isa = PBXBuildFile; fileRef = 4F35D26A2A39823200DE2CBA /* ConfigureTown.swift */; };
		4FE271542A31C0F50002AE35 /* ColorStyle.swift in Sources */ = {isa = PBXBuildFile; fileRef = 4FE271532A31C0F50002AE35 /* ColorStyle.swift */; };
		4FE271562A31C4820002AE35 /* FontStyle.swift in Sources */ = {isa = PBXBuildFile; fileRef = 4FE271552A31C4820002AE35 /* FontStyle.swift */; };
		F4029F212A3B54D200ECEABD /* Radius.swift in Sources */ = {isa = PBXBuildFile; fileRef = F4029F202A3B54D200ECEABD /* Radius.swift */; };
		F4029F232A3B54F800ECEABD /* UIView+Radius.swift in Sources */ = {isa = PBXBuildFile; fileRef = F4029F222A3B54F800ECEABD /* UIView+Radius.swift */; };
		F4029F272A3B557500ECEABD /* UILabel+style.swift in Sources */ = {isa = PBXBuildFile; fileRef = F4029F262A3B557500ECEABD /* UILabel+style.swift */; };
		F4029F292A3B569B00ECEABD /* ProductListImageView.swift in Sources */ = {isa = PBXBuildFile; fileRef = F4029F282A3B569B00ECEABD /* ProductListImageView.swift */; };
		F4029F2C2A3B56CB00ECEABD /* BorderView.swift in Sources */ = {isa = PBXBuildFile; fileRef = F4029F2B2A3B56CB00ECEABD /* BorderView.swift */; };
		F4029F2E2A3B56D300ECEABD /* PaddedLabel.swift in Sources */ = {isa = PBXBuildFile; fileRef = F4029F2D2A3B56D300ECEABD /* PaddedLabel.swift */; };
		F4029F302A3B56D800ECEABD /* ProductStateBadge.swift in Sources */ = {isa = PBXBuildFile; fileRef = F4029F2F2A3B56D800ECEABD /* ProductStateBadge.swift */; };
		F4029F322A3B571300ECEABD /* ProductState.swift in Sources */ = {isa = PBXBuildFile; fileRef = F4029F312A3B571300ECEABD /* ProductState.swift */; };
		F4029F352A3B5A8200ECEABD /* CollectionViewLayoutGenerator.swift in Sources */ = {isa = PBXBuildFile; fileRef = F4029F342A3B5A8200ECEABD /* CollectionViewLayoutGenerator.swift */; };
		F4029F382A3B5B4500ECEABD /* ProductListCollectionViewCell.swift in Sources */ = {isa = PBXBuildFile; fileRef = F4029F362A3B5B4500ECEABD /* ProductListCollectionViewCell.swift */; };
		F4029F392A3B5B4500ECEABD /* LoadCollectionViewCell.swift in Sources */ = {isa = PBXBuildFile; fileRef = F4029F372A3B5B4500ECEABD /* LoadCollectionViewCell.swift */; };
		F4029F3D2A3B5CE700ECEABD /* ProductListCollectionView.swift in Sources */ = {isa = PBXBuildFile; fileRef = F4029F3B2A3B5CE700ECEABD /* ProductListCollectionView.swift */; };
		F4029F3E2A3B5CE700ECEABD /* ProductListDataSource.swift in Sources */ = {isa = PBXBuildFile; fileRef = F4029F3C2A3B5CE700ECEABD /* ProductListDataSource.swift */; };
		F4029F422A3B5D6E00ECEABD /* CateogryFilterDataSource.swift in Sources */ = {isa = PBXBuildFile; fileRef = F4029F3F2A3B5D6E00ECEABD /* CateogryFilterDataSource.swift */; };
		F4029F432A3B5D6E00ECEABD /* CategoryFilterCollectionViewCell.swift in Sources */ = {isa = PBXBuildFile; fileRef = F4029F402A3B5D6E00ECEABD /* CategoryFilterCollectionViewCell.swift */; };
		F4029F442A3B5D6E00ECEABD /* CategoryFilterCollectionView.swift in Sources */ = {isa = PBXBuildFile; fileRef = F4029F412A3B5D6E00ECEABD /* CategoryFilterCollectionView.swift */; };
		F4029F472A3B5D9900ECEABD /* Category.swift in Sources */ = {isa = PBXBuildFile; fileRef = F4029F462A3B5D9900ECEABD /* Category.swift */; };
		F4029F4D2A3B61A400ECEABD /* SalesViewController.swift in Sources */ = {isa = PBXBuildFile; fileRef = F4029F492A3B61A400ECEABD /* SalesViewController.swift */; };
		F4029F522A3B812500ECEABD /* ProfileImageButton.swift in Sources */ = {isa = PBXBuildFile; fileRef = F4029F512A3B812500ECEABD /* ProfileImageButton.swift */; };
		F4029F542A3B904200ECEABD /* IDField.swift in Sources */ = {isa = PBXBuildFile; fileRef = F4029F532A3B904200ECEABD /* IDField.swift */; };
		F4029F562A3B96F100ECEABD /* LoginButton.swift in Sources */ = {isa = PBXBuildFile; fileRef = F4029F552A3B96F100ECEABD /* LoginButton.swift */; };
		F4029F582A3BA54400ECEABD /* TownButton.swift in Sources */ = {isa = PBXBuildFile; fileRef = F4029F572A3BA54400ECEABD /* TownButton.swift */; };
		F4029F5A2A3BFE5500ECEABD /* CreateAccountViewController.swift in Sources */ = {isa = PBXBuildFile; fileRef = F4029F592A3BFE5500ECEABD /* CreateAccountViewController.swift */; };
		F47AFF652A3C8AAB00BA75A1 /* CategoryCollectionViewCell.swift in Sources */ = {isa = PBXBuildFile; fileRef = F47AFF642A3C8AAB00BA75A1 /* CategoryCollectionViewCell.swift */; };
		F49F98C22A305FAF00609856 /* AppDelegate.swift in Sources */ = {isa = PBXBuildFile; fileRef = F49F98C12A305FAF00609856 /* AppDelegate.swift */; };
		F49F98C42A305FAF00609856 /* SceneDelegate.swift in Sources */ = {isa = PBXBuildFile; fileRef = F49F98C32A305FAF00609856 /* SceneDelegate.swift */; };
		F49F98CB2A305FB000609856 /* Assets.xcassets in Resources */ = {isa = PBXBuildFile; fileRef = F49F98CA2A305FB000609856 /* Assets.xcassets */; };
		F49F98CE2A305FB000609856 /* LaunchScreen.storyboard in Resources */ = {isa = PBXBuildFile; fileRef = F49F98CC2A305FB000609856 /* LaunchScreen.storyboard */; };
		F49F99022A309A6800609856 /* .swiftlint.yml in Resources */ = {isa = PBXBuildFile; fileRef = F49F99012A309A6800609856 /* .swiftlint.yml */; };
		F4AEA7F42A3617D200B00B03 /* TabBarController.swift in Sources */ = {isa = PBXBuildFile; fileRef = F4AEA7F32A3617D200B00B03 /* TabBarController.swift */; };
		F4D525792A41C5DE00413119 /* NetworkManager.swift in Sources */ = {isa = PBXBuildFile; fileRef = F4D525782A41C5DE00413119 /* NetworkManager.swift */; };
		F4D5257B2A41C94100413119 /* DTO.swift in Sources */ = {isa = PBXBuildFile; fileRef = F4D5257A2A41C94100413119 /* DTO.swift */; };
		F4D5257E2A429E6100413119 /* JWTDecode in Frameworks */ = {isa = PBXBuildFile; productRef = F4D5257D2A429E6100413119 /* JWTDecode */; };
		F4D525802A43E80600413119 /* APICredential.swift in Sources */ = {isa = PBXBuildFile; fileRef = F4D5257F2A43E80600413119 /* APICredential.swift */; };
		F4D525832A4513F100413119 /* NetworkError.swift in Sources */ = {isa = PBXBuildFile; fileRef = F4D525822A4513F100413119 /* NetworkError.swift */; };
		F4D525852A45173B00413119 /* JWToken.swift in Sources */ = {isa = PBXBuildFile; fileRef = F4D525842A45173B00413119 /* JWToken.swift */; };
		F4D525872A45519B00413119 /* SignUpTempInfo.swift in Sources */ = {isa = PBXBuildFile; fileRef = F4D525862A45519B00413119 /* SignUpTempInfo.swift */; };
/* End PBXBuildFile section */

/* Begin PBXFileReference section */
		4F35D25E2A38139B00DE2CBA /* HomeViewController.swift */ = {isa = PBXFileReference; lastKnownFileType = sourcecode.swift; path = HomeViewController.swift; sourceTree = "<group>"; };
		4F35D2602A3813B900DE2CBA /* WatchlistViewController.swift */ = {isa = PBXFileReference; lastKnownFileType = sourcecode.swift; path = WatchlistViewController.swift; sourceTree = "<group>"; };
		4F35D2642A3813F100DE2CBA /* ChatViewController.swift */ = {isa = PBXFileReference; lastKnownFileType = sourcecode.swift; path = ChatViewController.swift; sourceTree = "<group>"; };
		4F35D2662A3813FE00DE2CBA /* MyAccountViewController.swift */ = {isa = PBXFileReference; lastKnownFileType = sourcecode.swift; path = MyAccountViewController.swift; sourceTree = "<group>"; };
		4F35D2682A38816A00DE2CBA /* CategoryViewController.swift */ = {isa = PBXFileReference; lastKnownFileType = sourcecode.swift; path = CategoryViewController.swift; sourceTree = "<group>"; };
		4F35D26A2A39823200DE2CBA /* ConfigureTown.swift */ = {isa = PBXFileReference; lastKnownFileType = sourcecode.swift; path = ConfigureTown.swift; sourceTree = "<group>"; };
		4FE271532A31C0F50002AE35 /* ColorStyle.swift */ = {isa = PBXFileReference; lastKnownFileType = sourcecode.swift; path = ColorStyle.swift; sourceTree = "<group>"; };
		4FE271552A31C4820002AE35 /* FontStyle.swift */ = {isa = PBXFileReference; lastKnownFileType = sourcecode.swift; path = FontStyle.swift; sourceTree = "<group>"; };
		F4029F202A3B54D200ECEABD /* Radius.swift */ = {isa = PBXFileReference; fileEncoding = 4; lastKnownFileType = sourcecode.swift; path = Radius.swift; sourceTree = "<group>"; };
		F4029F222A3B54F800ECEABD /* UIView+Radius.swift */ = {isa = PBXFileReference; fileEncoding = 4; lastKnownFileType = sourcecode.swift; path = "UIView+Radius.swift"; sourceTree = "<group>"; };
		F4029F262A3B557500ECEABD /* UILabel+style.swift */ = {isa = PBXFileReference; fileEncoding = 4; lastKnownFileType = sourcecode.swift; path = "UILabel+style.swift"; sourceTree = "<group>"; };
		F4029F282A3B569B00ECEABD /* ProductListImageView.swift */ = {isa = PBXFileReference; fileEncoding = 4; lastKnownFileType = sourcecode.swift; path = ProductListImageView.swift; sourceTree = "<group>"; };
		F4029F2B2A3B56CB00ECEABD /* BorderView.swift */ = {isa = PBXFileReference; fileEncoding = 4; lastKnownFileType = sourcecode.swift; path = BorderView.swift; sourceTree = "<group>"; };
		F4029F2D2A3B56D300ECEABD /* PaddedLabel.swift */ = {isa = PBXFileReference; fileEncoding = 4; lastKnownFileType = sourcecode.swift; path = PaddedLabel.swift; sourceTree = "<group>"; };
		F4029F2F2A3B56D800ECEABD /* ProductStateBadge.swift */ = {isa = PBXFileReference; fileEncoding = 4; lastKnownFileType = sourcecode.swift; path = ProductStateBadge.swift; sourceTree = "<group>"; };
		F4029F312A3B571300ECEABD /* ProductState.swift */ = {isa = PBXFileReference; fileEncoding = 4; lastKnownFileType = sourcecode.swift; path = ProductState.swift; sourceTree = "<group>"; };
		F4029F342A3B5A8200ECEABD /* CollectionViewLayoutGenerator.swift */ = {isa = PBXFileReference; fileEncoding = 4; lastKnownFileType = sourcecode.swift; path = CollectionViewLayoutGenerator.swift; sourceTree = "<group>"; };
		F4029F362A3B5B4500ECEABD /* ProductListCollectionViewCell.swift */ = {isa = PBXFileReference; fileEncoding = 4; lastKnownFileType = sourcecode.swift; path = ProductListCollectionViewCell.swift; sourceTree = "<group>"; };
		F4029F372A3B5B4500ECEABD /* LoadCollectionViewCell.swift */ = {isa = PBXFileReference; fileEncoding = 4; lastKnownFileType = sourcecode.swift; path = LoadCollectionViewCell.swift; sourceTree = "<group>"; };
		F4029F3B2A3B5CE700ECEABD /* ProductListCollectionView.swift */ = {isa = PBXFileReference; fileEncoding = 4; lastKnownFileType = sourcecode.swift; path = ProductListCollectionView.swift; sourceTree = "<group>"; };
		F4029F3C2A3B5CE700ECEABD /* ProductListDataSource.swift */ = {isa = PBXFileReference; fileEncoding = 4; lastKnownFileType = sourcecode.swift; path = ProductListDataSource.swift; sourceTree = "<group>"; };
		F4029F3F2A3B5D6E00ECEABD /* CateogryFilterDataSource.swift */ = {isa = PBXFileReference; fileEncoding = 4; lastKnownFileType = sourcecode.swift; path = CateogryFilterDataSource.swift; sourceTree = "<group>"; };
		F4029F402A3B5D6E00ECEABD /* CategoryFilterCollectionViewCell.swift */ = {isa = PBXFileReference; fileEncoding = 4; lastKnownFileType = sourcecode.swift; path = CategoryFilterCollectionViewCell.swift; sourceTree = "<group>"; };
		F4029F412A3B5D6E00ECEABD /* CategoryFilterCollectionView.swift */ = {isa = PBXFileReference; fileEncoding = 4; lastKnownFileType = sourcecode.swift; path = CategoryFilterCollectionView.swift; sourceTree = "<group>"; };
		F4029F462A3B5D9900ECEABD /* Category.swift */ = {isa = PBXFileReference; fileEncoding = 4; lastKnownFileType = sourcecode.swift; path = Category.swift; sourceTree = "<group>"; };
		F4029F492A3B61A400ECEABD /* SalesViewController.swift */ = {isa = PBXFileReference; fileEncoding = 4; lastKnownFileType = sourcecode.swift; path = SalesViewController.swift; sourceTree = "<group>"; };
		F4029F512A3B812500ECEABD /* ProfileImageButton.swift */ = {isa = PBXFileReference; lastKnownFileType = sourcecode.swift; path = ProfileImageButton.swift; sourceTree = "<group>"; };
		F4029F532A3B904200ECEABD /* IDField.swift */ = {isa = PBXFileReference; lastKnownFileType = sourcecode.swift; path = IDField.swift; sourceTree = "<group>"; };
		F4029F552A3B96F100ECEABD /* LoginButton.swift */ = {isa = PBXFileReference; lastKnownFileType = sourcecode.swift; path = LoginButton.swift; sourceTree = "<group>"; };
		F4029F572A3BA54400ECEABD /* TownButton.swift */ = {isa = PBXFileReference; lastKnownFileType = sourcecode.swift; path = TownButton.swift; sourceTree = "<group>"; };
		F4029F592A3BFE5500ECEABD /* CreateAccountViewController.swift */ = {isa = PBXFileReference; lastKnownFileType = sourcecode.swift; path = CreateAccountViewController.swift; sourceTree = "<group>"; };
		F47AFF642A3C8AAB00BA75A1 /* CategoryCollectionViewCell.swift */ = {isa = PBXFileReference; lastKnownFileType = sourcecode.swift; path = CategoryCollectionViewCell.swift; sourceTree = "<group>"; };
		F49F98BE2A305FAF00609856 /* Daangn.app */ = {isa = PBXFileReference; explicitFileType = wrapper.application; includeInIndex = 0; path = Daangn.app; sourceTree = BUILT_PRODUCTS_DIR; };
		F49F98C12A305FAF00609856 /* AppDelegate.swift */ = {isa = PBXFileReference; lastKnownFileType = sourcecode.swift; path = AppDelegate.swift; sourceTree = "<group>"; };
		F49F98C32A305FAF00609856 /* SceneDelegate.swift */ = {isa = PBXFileReference; lastKnownFileType = sourcecode.swift; path = SceneDelegate.swift; sourceTree = "<group>"; };
		F49F98CA2A305FB000609856 /* Assets.xcassets */ = {isa = PBXFileReference; lastKnownFileType = folder.assetcatalog; path = Assets.xcassets; sourceTree = "<group>"; };
		F49F98CD2A305FB000609856 /* Base */ = {isa = PBXFileReference; lastKnownFileType = file.storyboard; name = Base; path = Base.lproj/LaunchScreen.storyboard; sourceTree = "<group>"; };
		F49F98CF2A305FB000609856 /* Info.plist */ = {isa = PBXFileReference; lastKnownFileType = text.plist.xml; path = Info.plist; sourceTree = "<group>"; };
		F49F99012A309A6800609856 /* .swiftlint.yml */ = {isa = PBXFileReference; lastKnownFileType = text.yaml; path = .swiftlint.yml; sourceTree = "<group>"; };
		F4AEA7F32A3617D200B00B03 /* TabBarController.swift */ = {isa = PBXFileReference; lastKnownFileType = sourcecode.swift; path = TabBarController.swift; sourceTree = "<group>"; };
		F4D525782A41C5DE00413119 /* NetworkManager.swift */ = {isa = PBXFileReference; lastKnownFileType = sourcecode.swift; path = NetworkManager.swift; sourceTree = "<group>"; };
		F4D5257A2A41C94100413119 /* DTO.swift */ = {isa = PBXFileReference; lastKnownFileType = sourcecode.swift; path = DTO.swift; sourceTree = "<group>"; };
		F4D5257F2A43E80600413119 /* APICredential.swift */ = {isa = PBXFileReference; lastKnownFileType = sourcecode.swift; path = APICredential.swift; sourceTree = "<group>"; };
		F4D525822A4513F100413119 /* NetworkError.swift */ = {isa = PBXFileReference; lastKnownFileType = sourcecode.swift; path = NetworkError.swift; sourceTree = "<group>"; };
		F4D525842A45173B00413119 /* JWToken.swift */ = {isa = PBXFileReference; lastKnownFileType = sourcecode.swift; path = JWToken.swift; sourceTree = "<group>"; };
		F4D525862A45519B00413119 /* SignUpTempInfo.swift */ = {isa = PBXFileReference; lastKnownFileType = sourcecode.swift; path = SignUpTempInfo.swift; sourceTree = "<group>"; };
/* End PBXFileReference section */

/* Begin PBXFrameworksBuildPhase section */
		F49F98BB2A305FAF00609856 /* Frameworks */ = {
			isa = PBXFrameworksBuildPhase;
			buildActionMask = 2147483647;
			files = (
				F4D5257E2A429E6100413119 /* JWTDecode in Frameworks */,
			);
			runOnlyForDeploymentPostprocessing = 0;
		};
/* End PBXFrameworksBuildPhase section */

/* Begin PBXGroup section */
		4F35D25D2A38138B00DE2CBA /* Controller */ = {
			isa = PBXGroup;
			children = (
				4F35D25E2A38139B00DE2CBA /* HomeViewController.swift */,
				F4029F492A3B61A400ECEABD /* SalesViewController.swift */,
				4F35D2602A3813B900DE2CBA /* WatchlistViewController.swift */,
				4F35D2642A3813F100DE2CBA /* ChatViewController.swift */,
				4F35D2662A3813FE00DE2CBA /* MyAccountViewController.swift */,
				F4029F592A3BFE5500ECEABD /* CreateAccountViewController.swift */,
				4F35D2682A38816A00DE2CBA /* CategoryViewController.swift */,
				4F35D26A2A39823200DE2CBA /* ConfigureTown.swift */,
			);
			path = Controller;
			sourceTree = "<group>";
		};
		4FE2714F2A31B1FA0002AE35 /* Global */ = {
			isa = PBXGroup;
			children = (
				4FE271502A31B2060002AE35 /* Literal */,
				F4AEA7F32A3617D200B00B03 /* TabBarController.swift */,
				F4D525812A43EDE400413119 /* Credentials */,
			);
			path = Global;
			sourceTree = "<group>";
		};
		4FE271502A31B2060002AE35 /* Literal */ = {
			isa = PBXGroup;
			children = (
				4FE271532A31C0F50002AE35 /* ColorStyle.swift */,
				4FE271552A31C4820002AE35 /* FontStyle.swift */,
			);
			path = Literal;
			sourceTree = "<group>";
		};
		F4029F242A3B54FB00ECEABD /* Extension */ = {
			isa = PBXGroup;
			children = (
				F4029F222A3B54F800ECEABD /* UIView+Radius.swift */,
				F4029F262A3B557500ECEABD /* UILabel+style.swift */,
			);
			path = Extension;
			sourceTree = "<group>";
		};
		F4029F252A3B550900ECEABD /* Common */ = {
			isa = PBXGroup;
			children = (
				F4029F202A3B54D200ECEABD /* Radius.swift */,
				F4D525782A41C5DE00413119 /* NetworkManager.swift */,
				F4D525822A4513F100413119 /* NetworkError.swift */,
				F4D5257A2A41C94100413119 /* DTO.swift */,
				F4D525842A45173B00413119 /* JWToken.swift */,
				F4D525862A45519B00413119 /* SignUpTempInfo.swift */,
			);
			path = Common;
			sourceTree = "<group>";
		};
		F4029F2A2A3B56AE00ECEABD /* Component */ = {
			isa = PBXGroup;
			children = (
				F4029F282A3B569B00ECEABD /* ProductListImageView.swift */,
				F4029F2B2A3B56CB00ECEABD /* BorderView.swift */,
				F4029F2D2A3B56D300ECEABD /* PaddedLabel.swift */,
				F4029F2F2A3B56D800ECEABD /* ProductStateBadge.swift */,
				F4029F512A3B812500ECEABD /* ProfileImageButton.swift */,
				F4029F532A3B904200ECEABD /* IDField.swift */,
				F4029F552A3B96F100ECEABD /* LoginButton.swift */,
				F4029F572A3BA54400ECEABD /* TownButton.swift */,
				F4029F342A3B5A8200ECEABD /* CollectionViewLayoutGenerator.swift */,
			);
			path = Component;
			sourceTree = "<group>";
		};
		F4029F332A3B572000ECEABD /* Model */ = {
			isa = PBXGroup;
			children = (
				F4029F462A3B5D9900ECEABD /* Category.swift */,
				F4029F312A3B571300ECEABD /* ProductState.swift */,
			);
			path = Model;
			sourceTree = "<group>";
		};
		F4029F3A2A3B5B4A00ECEABD /* ProductList */ = {
			isa = PBXGroup;
			children = (
				F4029F3B2A3B5CE700ECEABD /* ProductListCollectionView.swift */,
				F4029F3C2A3B5CE700ECEABD /* ProductListDataSource.swift */,
				F4029F372A3B5B4500ECEABD /* LoadCollectionViewCell.swift */,
				F4029F362A3B5B4500ECEABD /* ProductListCollectionViewCell.swift */,
			);
			path = ProductList;
			sourceTree = "<group>";
		};
		F4029F452A3B5D7300ECEABD /* CategoryFilter */ = {
			isa = PBXGroup;
			children = (
				F4029F412A3B5D6E00ECEABD /* CategoryFilterCollectionView.swift */,
				F4029F3F2A3B5D6E00ECEABD /* CateogryFilterDataSource.swift */,
				F4029F402A3B5D6E00ECEABD /* CategoryFilterCollectionViewCell.swift */,
			);
			path = CategoryFilter;
			sourceTree = "<group>";
		};
		F47AFF662A3DA28B00BA75A1 /* CategoryCollection */ = {
			isa = PBXGroup;
			children = (
				F47AFF642A3C8AAB00BA75A1 /* CategoryCollectionViewCell.swift */,
			);
			path = CategoryCollection;
			sourceTree = "<group>";
		};
		F49F98B52A305FAF00609856 = {
			isa = PBXGroup;
			children = (
				F49F99012A309A6800609856 /* .swiftlint.yml */,
				F49F98C02A305FAF00609856 /* Daangn */,
				F49F98BF2A305FAF00609856 /* Products */,
			);
			sourceTree = "<group>";
		};
		F49F98BF2A305FAF00609856 /* Products */ = {
			isa = PBXGroup;
			children = (
				F49F98BE2A305FAF00609856 /* Daangn.app */,
			);
			name = Products;
			sourceTree = "<group>";
		};
		F49F98C02A305FAF00609856 /* Daangn */ = {
			isa = PBXGroup;
			children = (
				4F35D25D2A38138B00DE2CBA /* Controller */,
				4FE2714F2A31B1FA0002AE35 /* Global */,
				F49F98D62A30629600609856 /* Resource */,
				F49F98D52A30626000609856 /* Supporting Files */,
				F4029F252A3B550900ECEABD /* Common */,
				F4029F242A3B54FB00ECEABD /* Extension */,
				F4029F2A2A3B56AE00ECEABD /* Component */,
				F4029F332A3B572000ECEABD /* Model */,
				F4029F3A2A3B5B4A00ECEABD /* ProductList */,
				F47AFF662A3DA28B00BA75A1 /* CategoryCollection */,
				F4029F452A3B5D7300ECEABD /* CategoryFilter */,
			);
			path = Daangn;
			sourceTree = "<group>";
		};
		F49F98D52A30626000609856 /* Supporting Files */ = {
			isa = PBXGroup;
			children = (
				F49F98CF2A305FB000609856 /* Info.plist */,
				F49F98CC2A305FB000609856 /* LaunchScreen.storyboard */,
				F49F98C12A305FAF00609856 /* AppDelegate.swift */,
				F49F98C32A305FAF00609856 /* SceneDelegate.swift */,
			);
			path = "Supporting Files";
			sourceTree = "<group>";
		};
		F49F98D62A30629600609856 /* Resource */ = {
			isa = PBXGroup;
			children = (
				F49F98CA2A305FB000609856 /* Assets.xcassets */,
			);
			path = Resource;
			sourceTree = "<group>";
		};
		F4D525812A43EDE400413119 /* Credentials */ = {
			isa = PBXGroup;
			children = (
				F4D5257F2A43E80600413119 /* APICredential.swift */,
			);
			path = Credentials;
			sourceTree = "<group>";
		};
/* End PBXGroup section */

/* Begin PBXNativeTarget section */
		F49F98BD2A305FAF00609856 /* Daangn */ = {
			isa = PBXNativeTarget;
			buildConfigurationList = F49F98D22A305FB000609856 /* Build configuration list for PBXNativeTarget "Daangn" */;
			buildPhases = (
				F49F99002A3099FB00609856 /* SwiftLint */,
				F49F98BA2A305FAF00609856 /* Sources */,
				F49F98BB2A305FAF00609856 /* Frameworks */,
				F49F98BC2A305FAF00609856 /* Resources */,
			);
			buildRules = (
			);
			dependencies = (
			);
			name = Daangn;
			packageProductDependencies = (
				F4D5257D2A429E6100413119 /* JWTDecode */,
			);
			productName = Daangn;
			productReference = F49F98BE2A305FAF00609856 /* Daangn.app */;
			productType = "com.apple.product-type.application";
		};
/* End PBXNativeTarget section */

/* Begin PBXProject section */
		F49F98B62A305FAF00609856 /* Project object */ = {
			isa = PBXProject;
			attributes = {
				BuildIndependentTargetsInParallel = 1;
				LastSwiftUpdateCheck = 1430;
				LastUpgradeCheck = 1430;
				TargetAttributes = {
					F49F98BD2A305FAF00609856 = {
						CreatedOnToolsVersion = 14.3.1;
					};
				};
			};
			buildConfigurationList = F49F98B92A305FAF00609856 /* Build configuration list for PBXProject "Daangn" */;
			compatibilityVersion = "Xcode 14.0";
			developmentRegion = en;
			hasScannedForEncodings = 0;
			knownRegions = (
				en,
				Base,
			);
			mainGroup = F49F98B52A305FAF00609856;
			packageReferences = (
				F4D5257C2A429E6100413119 /* XCRemoteSwiftPackageReference "JWTDecode" */,
			);
			productRefGroup = F49F98BF2A305FAF00609856 /* Products */;
			projectDirPath = "";
			projectRoot = "";
			targets = (
				F49F98BD2A305FAF00609856 /* Daangn */,
			);
		};
/* End PBXProject section */

/* Begin PBXResourcesBuildPhase section */
		F49F98BC2A305FAF00609856 /* Resources */ = {
			isa = PBXResourcesBuildPhase;
			buildActionMask = 2147483647;
			files = (
				F49F99022A309A6800609856 /* .swiftlint.yml in Resources */,
				F49F98CE2A305FB000609856 /* LaunchScreen.storyboard in Resources */,
				F49F98CB2A305FB000609856 /* Assets.xcassets in Resources */,
			);
			runOnlyForDeploymentPostprocessing = 0;
		};
/* End PBXResourcesBuildPhase section */

/* Begin PBXShellScriptBuildPhase section */
		F49F99002A3099FB00609856 /* SwiftLint */ = {
			isa = PBXShellScriptBuildPhase;
			alwaysOutOfDate = 1;
			buildActionMask = 2147483647;
			files = (
			);
			inputFileListPaths = (
			);
			inputPaths = (
			);
			name = SwiftLint;
			outputFileListPaths = (
			);
			outputPaths = (
			);
			runOnlyForDeploymentPostprocessing = 0;
			shellPath = /bin/sh;
			shellScript = "if test -d \"/opt/homebrew/bin/\"; then\n  PATH=\"/opt/homebrew/bin/:${PATH}\"\nfi\n\nexport PATH\n\nif which swiftlint >/dev/null; then\n  swiftlint\nelse\n  echo \"warning: SwiftLint not installed, download from https://github.com/realm/SwiftLint\"\nfi\n";
		};
/* End PBXShellScriptBuildPhase section */

/* Begin PBXSourcesBuildPhase section */
		F49F98BA2A305FAF00609856 /* Sources */ = {
			isa = PBXSourcesBuildPhase;
			buildActionMask = 2147483647;
			files = (
				F4029F3E2A3B5CE700ECEABD /* ProductListDataSource.swift in Sources */,
				F4029F562A3B96F100ECEABD /* LoginButton.swift in Sources */,
				F4029F432A3B5D6E00ECEABD /* CategoryFilterCollectionViewCell.swift in Sources */,
				F4029F582A3BA54400ECEABD /* TownButton.swift in Sources */,
				F4D525802A43E80600413119 /* APICredential.swift in Sources */,
				F49F98C22A305FAF00609856 /* AppDelegate.swift in Sources */,
				F4029F382A3B5B4500ECEABD /* ProductListCollectionViewCell.swift in Sources */,
				F4029F292A3B569B00ECEABD /* ProductListImageView.swift in Sources */,
				F4029F232A3B54F800ECEABD /* UIView+Radius.swift in Sources */,
				F49F98C42A305FAF00609856 /* SceneDelegate.swift in Sources */,
				F4029F302A3B56D800ECEABD /* ProductStateBadge.swift in Sources */,
				F4AEA7F42A3617D200B00B03 /* TabBarController.swift in Sources */,
				F4029F352A3B5A8200ECEABD /* CollectionViewLayoutGenerator.swift in Sources */,
				F4029F4D2A3B61A400ECEABD /* SalesViewController.swift in Sources */,
				F4D525852A45173B00413119 /* JWToken.swift in Sources */,
				F4029F2E2A3B56D300ECEABD /* PaddedLabel.swift in Sources */,
				F4D525832A4513F100413119 /* NetworkError.swift in Sources */,
				F4029F442A3B5D6E00ECEABD /* CategoryFilterCollectionView.swift in Sources */,
				F4029F2C2A3B56CB00ECEABD /* BorderView.swift in Sources */,
				F4029F472A3B5D9900ECEABD /* Category.swift in Sources */,
				F4029F322A3B571300ECEABD /* ProductState.swift in Sources */,
				F4029F3D2A3B5CE700ECEABD /* ProductListCollectionView.swift in Sources */,
				F4D5257B2A41C94100413119 /* DTO.swift in Sources */,
				F47AFF652A3C8AAB00BA75A1 /* CategoryCollectionViewCell.swift in Sources */,
				F4029F272A3B557500ECEABD /* UILabel+style.swift in Sources */,
				F4029F212A3B54D200ECEABD /* Radius.swift in Sources */,
				F4029F422A3B5D6E00ECEABD /* CateogryFilterDataSource.swift in Sources */,
				F4029F542A3B904200ECEABD /* IDField.swift in Sources */,
				F4029F392A3B5B4500ECEABD /* LoadCollectionViewCell.swift in Sources */,
				F49F98C22A305FAF00609856 /* AppDelegate.swift in Sources */,
				F4D525792A41C5DE00413119 /* NetworkManager.swift in Sources */,
				4F35D2672A3813FE00DE2CBA /* MyAccountViewController.swift in Sources */,
				F49F98C42A305FAF00609856 /* SceneDelegate.swift in Sources */,
				4F35D26B2A39823200DE2CBA /* ConfigureTown.swift in Sources */,
				F4AEA7F42A3617D200B00B03 /* TabBarController.swift in Sources */,
				F4029F5A2A3BFE5500ECEABD /* CreateAccountViewController.swift in Sources */,
				4F35D2612A3813B900DE2CBA /* WatchlistViewController.swift in Sources */,
				4FE271542A31C0F50002AE35 /* ColorStyle.swift in Sources */,
				4FE271562A31C4820002AE35 /* FontStyle.swift in Sources */,
				4F35D2652A3813F100DE2CBA /* ChatViewController.swift in Sources */,
				F4029F522A3B812500ECEABD /* ProfileImageButton.swift in Sources */,
				4F35D2692A38816A00DE2CBA /* CategoryViewController.swift in Sources */,
				4F35D25F2A38139B00DE2CBA /* HomeViewController.swift in Sources */,
				F4D525872A45519B00413119 /* SignUpTempInfo.swift in Sources */,
			);
			runOnlyForDeploymentPostprocessing = 0;
		};
/* End PBXSourcesBuildPhase section */

/* Begin PBXVariantGroup section */
		F49F98CC2A305FB000609856 /* LaunchScreen.storyboard */ = {
			isa = PBXVariantGroup;
			children = (
				F49F98CD2A305FB000609856 /* Base */,
			);
			name = LaunchScreen.storyboard;
			sourceTree = "<group>";
		};
/* End PBXVariantGroup section */

/* Begin XCBuildConfiguration section */
		F49F98D02A305FB000609856 /* Debug */ = {
			isa = XCBuildConfiguration;
			buildSettings = {
				ALWAYS_SEARCH_USER_PATHS = NO;
				CLANG_ANALYZER_NONNULL = YES;
				CLANG_ANALYZER_NUMBER_OBJECT_CONVERSION = YES_AGGRESSIVE;
				CLANG_CXX_LANGUAGE_STANDARD = "gnu++20";
				CLANG_ENABLE_MODULES = YES;
				CLANG_ENABLE_OBJC_ARC = YES;
				CLANG_ENABLE_OBJC_WEAK = YES;
				CLANG_WARN_BLOCK_CAPTURE_AUTORELEASING = YES;
				CLANG_WARN_BOOL_CONVERSION = YES;
				CLANG_WARN_COMMA = YES;
				CLANG_WARN_CONSTANT_CONVERSION = YES;
				CLANG_WARN_DEPRECATED_OBJC_IMPLEMENTATIONS = YES;
				CLANG_WARN_DIRECT_OBJC_ISA_USAGE = YES_ERROR;
				CLANG_WARN_DOCUMENTATION_COMMENTS = YES;
				CLANG_WARN_EMPTY_BODY = YES;
				CLANG_WARN_ENUM_CONVERSION = YES;
				CLANG_WARN_INFINITE_RECURSION = YES;
				CLANG_WARN_INT_CONVERSION = YES;
				CLANG_WARN_NON_LITERAL_NULL_CONVERSION = YES;
				CLANG_WARN_OBJC_IMPLICIT_RETAIN_SELF = YES;
				CLANG_WARN_OBJC_LITERAL_CONVERSION = YES;
				CLANG_WARN_OBJC_ROOT_CLASS = YES_ERROR;
				CLANG_WARN_QUOTED_INCLUDE_IN_FRAMEWORK_HEADER = YES;
				CLANG_WARN_RANGE_LOOP_ANALYSIS = YES;
				CLANG_WARN_STRICT_PROTOTYPES = YES;
				CLANG_WARN_SUSPICIOUS_MOVE = YES;
				CLANG_WARN_UNGUARDED_AVAILABILITY = YES_AGGRESSIVE;
				CLANG_WARN_UNREACHABLE_CODE = YES;
				CLANG_WARN__DUPLICATE_METHOD_MATCH = YES;
				COPY_PHASE_STRIP = NO;
				DEBUG_INFORMATION_FORMAT = dwarf;
				ENABLE_STRICT_OBJC_MSGSEND = YES;
				ENABLE_TESTABILITY = YES;
				GCC_C_LANGUAGE_STANDARD = gnu11;
				GCC_DYNAMIC_NO_PIC = NO;
				GCC_NO_COMMON_BLOCKS = YES;
				GCC_OPTIMIZATION_LEVEL = 0;
				GCC_PREPROCESSOR_DEFINITIONS = (
					"DEBUG=1",
					"$(inherited)",
				);
				GCC_WARN_64_TO_32_BIT_CONVERSION = YES;
				GCC_WARN_ABOUT_RETURN_TYPE = YES_ERROR;
				GCC_WARN_UNDECLARED_SELECTOR = YES;
				GCC_WARN_UNINITIALIZED_AUTOS = YES_AGGRESSIVE;
				GCC_WARN_UNUSED_FUNCTION = YES;
				GCC_WARN_UNUSED_VARIABLE = YES;
				IPHONEOS_DEPLOYMENT_TARGET = 16.4;
				MTL_ENABLE_DEBUG_INFO = INCLUDE_SOURCE;
				MTL_FAST_MATH = YES;
				ONLY_ACTIVE_ARCH = YES;
				SDKROOT = iphoneos;
				SWIFT_ACTIVE_COMPILATION_CONDITIONS = DEBUG;
				SWIFT_OPTIMIZATION_LEVEL = "-Onone";
			};
			name = Debug;
		};
		F49F98D12A305FB000609856 /* Release */ = {
			isa = XCBuildConfiguration;
			buildSettings = {
				ALWAYS_SEARCH_USER_PATHS = NO;
				CLANG_ANALYZER_NONNULL = YES;
				CLANG_ANALYZER_NUMBER_OBJECT_CONVERSION = YES_AGGRESSIVE;
				CLANG_CXX_LANGUAGE_STANDARD = "gnu++20";
				CLANG_ENABLE_MODULES = YES;
				CLANG_ENABLE_OBJC_ARC = YES;
				CLANG_ENABLE_OBJC_WEAK = YES;
				CLANG_WARN_BLOCK_CAPTURE_AUTORELEASING = YES;
				CLANG_WARN_BOOL_CONVERSION = YES;
				CLANG_WARN_COMMA = YES;
				CLANG_WARN_CONSTANT_CONVERSION = YES;
				CLANG_WARN_DEPRECATED_OBJC_IMPLEMENTATIONS = YES;
				CLANG_WARN_DIRECT_OBJC_ISA_USAGE = YES_ERROR;
				CLANG_WARN_DOCUMENTATION_COMMENTS = YES;
				CLANG_WARN_EMPTY_BODY = YES;
				CLANG_WARN_ENUM_CONVERSION = YES;
				CLANG_WARN_INFINITE_RECURSION = YES;
				CLANG_WARN_INT_CONVERSION = YES;
				CLANG_WARN_NON_LITERAL_NULL_CONVERSION = YES;
				CLANG_WARN_OBJC_IMPLICIT_RETAIN_SELF = YES;
				CLANG_WARN_OBJC_LITERAL_CONVERSION = YES;
				CLANG_WARN_OBJC_ROOT_CLASS = YES_ERROR;
				CLANG_WARN_QUOTED_INCLUDE_IN_FRAMEWORK_HEADER = YES;
				CLANG_WARN_RANGE_LOOP_ANALYSIS = YES;
				CLANG_WARN_STRICT_PROTOTYPES = YES;
				CLANG_WARN_SUSPICIOUS_MOVE = YES;
				CLANG_WARN_UNGUARDED_AVAILABILITY = YES_AGGRESSIVE;
				CLANG_WARN_UNREACHABLE_CODE = YES;
				CLANG_WARN__DUPLICATE_METHOD_MATCH = YES;
				COPY_PHASE_STRIP = NO;
				DEBUG_INFORMATION_FORMAT = "dwarf-with-dsym";
				ENABLE_NS_ASSERTIONS = NO;
				ENABLE_STRICT_OBJC_MSGSEND = YES;
				GCC_C_LANGUAGE_STANDARD = gnu11;
				GCC_NO_COMMON_BLOCKS = YES;
				GCC_WARN_64_TO_32_BIT_CONVERSION = YES;
				GCC_WARN_ABOUT_RETURN_TYPE = YES_ERROR;
				GCC_WARN_UNDECLARED_SELECTOR = YES;
				GCC_WARN_UNINITIALIZED_AUTOS = YES_AGGRESSIVE;
				GCC_WARN_UNUSED_FUNCTION = YES;
				GCC_WARN_UNUSED_VARIABLE = YES;
				IPHONEOS_DEPLOYMENT_TARGET = 16.4;
				MTL_ENABLE_DEBUG_INFO = NO;
				MTL_FAST_MATH = YES;
				SDKROOT = iphoneos;
				SWIFT_COMPILATION_MODE = wholemodule;
				SWIFT_OPTIMIZATION_LEVEL = "-O";
				VALIDATE_PRODUCT = YES;
			};
			name = Release;
		};
		F49F98D32A305FB000609856 /* Debug */ = {
			isa = XCBuildConfiguration;
			buildSettings = {
				ASSETCATALOG_COMPILER_APPICON_NAME = AppIcon;
				ASSETCATALOG_COMPILER_GLOBAL_ACCENT_COLOR_NAME = AccentColor;
				CODE_SIGN_STYLE = Automatic;
				CURRENT_PROJECT_VERSION = 1;
				DEVELOPMENT_TEAM = Y67S3384LP;
				GENERATE_INFOPLIST_FILE = YES;
				INFOPLIST_FILE = "Daangn/Supporting Files/Info.plist";
				INFOPLIST_KEY_UIApplicationSupportsIndirectInputEvents = YES;
				INFOPLIST_KEY_UILaunchStoryboardName = LaunchScreen;
				INFOPLIST_KEY_UISupportedInterfaceOrientations_iPad = "UIInterfaceOrientationPortrait UIInterfaceOrientationPortraitUpsideDown UIInterfaceOrientationLandscapeLeft UIInterfaceOrientationLandscapeRight";
				INFOPLIST_KEY_UISupportedInterfaceOrientations_iPhone = "UIInterfaceOrientationPortrait UIInterfaceOrientationLandscapeLeft UIInterfaceOrientationLandscapeRight";
				LD_RUNPATH_SEARCH_PATHS = (
					"$(inherited)",
					"@executable_path/Frameworks",
				);
				MARKETING_VERSION = 1.0;
				PRODUCT_BUNDLE_IDENTIFIER = "com.codesquad2023-group-02.Daangn";
				PRODUCT_NAME = "$(TARGET_NAME)";
				SWIFT_EMIT_LOC_STRINGS = YES;
				SWIFT_VERSION = 5.0;
				TARGETED_DEVICE_FAMILY = "1,2";
			};
			name = Debug;
		};
		F49F98D42A305FB000609856 /* Release */ = {
			isa = XCBuildConfiguration;
			buildSettings = {
				ASSETCATALOG_COMPILER_APPICON_NAME = AppIcon;
				ASSETCATALOG_COMPILER_GLOBAL_ACCENT_COLOR_NAME = AccentColor;
				CODE_SIGN_STYLE = Automatic;
				CURRENT_PROJECT_VERSION = 1;
				DEVELOPMENT_TEAM = Y67S3384LP;
				GENERATE_INFOPLIST_FILE = YES;
				INFOPLIST_FILE = "Daangn/Supporting Files/Info.plist";
				INFOPLIST_KEY_UIApplicationSupportsIndirectInputEvents = YES;
				INFOPLIST_KEY_UILaunchStoryboardName = LaunchScreen;
				INFOPLIST_KEY_UISupportedInterfaceOrientations_iPad = "UIInterfaceOrientationPortrait UIInterfaceOrientationPortraitUpsideDown UIInterfaceOrientationLandscapeLeft UIInterfaceOrientationLandscapeRight";
				INFOPLIST_KEY_UISupportedInterfaceOrientations_iPhone = "UIInterfaceOrientationPortrait UIInterfaceOrientationLandscapeLeft UIInterfaceOrientationLandscapeRight";
				LD_RUNPATH_SEARCH_PATHS = (
					"$(inherited)",
					"@executable_path/Frameworks",
				);
				MARKETING_VERSION = 1.0;
				PRODUCT_BUNDLE_IDENTIFIER = "com.codesquad2023-group-02.Daangn";
				PRODUCT_NAME = "$(TARGET_NAME)";
				SWIFT_EMIT_LOC_STRINGS = YES;
				SWIFT_VERSION = 5.0;
				TARGETED_DEVICE_FAMILY = "1,2";
			};
			name = Release;
		};
/* End XCBuildConfiguration section */

/* Begin XCConfigurationList section */
		F49F98B92A305FAF00609856 /* Build configuration list for PBXProject "Daangn" */ = {
			isa = XCConfigurationList;
			buildConfigurations = (
				F49F98D02A305FB000609856 /* Debug */,
				F49F98D12A305FB000609856 /* Release */,
			);
			defaultConfigurationIsVisible = 0;
			defaultConfigurationName = Release;
		};
		F49F98D22A305FB000609856 /* Build configuration list for PBXNativeTarget "Daangn" */ = {
			isa = XCConfigurationList;
			buildConfigurations = (
				F49F98D32A305FB000609856 /* Debug */,
				F49F98D42A305FB000609856 /* Release */,
			);
			defaultConfigurationIsVisible = 0;
			defaultConfigurationName = Release;
		};
/* End XCConfigurationList section */

/* Begin XCRemoteSwiftPackageReference section */
		F4D5257C2A429E6100413119 /* XCRemoteSwiftPackageReference "JWTDecode" */ = {
			isa = XCRemoteSwiftPackageReference;
			repositoryURL = "https://github.com/auth0/JWTDecode.swift";
			requirement = {
				kind = upToNextMajorVersion;
				minimumVersion = 3.0.0;
			};
		};
/* End XCRemoteSwiftPackageReference section */

/* Begin XCSwiftPackageProductDependency section */
		F4D5257D2A429E6100413119 /* JWTDecode */ = {
			isa = XCSwiftPackageProductDependency;
			package = F4D5257C2A429E6100413119 /* XCRemoteSwiftPackageReference "JWTDecode" */;
			productName = JWTDecode;
		};
/* End XCSwiftPackageProductDependency section */
	};
	rootObject = F49F98B62A305FAF00609856 /* Project object */;
}
